// !$*UTF8*$!
{
	archiveVersion = 1;
	classes = {
	};
	objectVersion = 48;
	objects = {

/* Begin PBXBuildFile section */
		961D58C320839E54006A4D27 /* NPMInstallViewController.swift in Sources */ = {isa = PBXBuildFile; fileRef = 961D58C120839E54006A4D27 /* NPMInstallViewController.swift */; };
		961D58C62083A3EB006A4D27 /* Project.swift in Sources */ = {isa = PBXBuildFile; fileRef = 961D58C52083A3EB006A4D27 /* Project.swift */; };
		961D58C82083AF0B006A4D27 /* NPMUninstallViewController.swift in Sources */ = {isa = PBXBuildFile; fileRef = 961D58C72083AF0B006A4D27 /* NPMUninstallViewController.swift */; };
		962A337920713639009D7D46 /* AppDelegate.swift in Sources */ = {isa = PBXBuildFile; fileRef = 962A337820713639009D7D46 /* AppDelegate.swift */; };
		962A337B20713639009D7D46 /* RunViewController.swift in Sources */ = {isa = PBXBuildFile; fileRef = 962A337A20713639009D7D46 /* RunViewController.swift */; };
		962A337D20713639009D7D46 /* Assets.xcassets in Resources */ = {isa = PBXBuildFile; fileRef = 962A337C20713639009D7D46 /* Assets.xcassets */; };
		962A338C20713660009D7D46 /* DropView.swift in Sources */ = {isa = PBXBuildFile; fileRef = 962A338B20713660009D7D46 /* DropView.swift */; };
		962A339120713690009D7D46 /* Main.storyboard in Resources */ = {isa = PBXBuildFile; fileRef = 962A338F2071368F009D7D46 /* Main.storyboard */; };
		965628B7207896B0004049BE /* AppExtensions.swift in Sources */ = {isa = PBXBuildFile; fileRef = 965628B6207896B0004049BE /* AppExtensions.swift */; };
		96B3578120834A04003D4522 /* CreateViewController.swift in Sources */ = {isa = PBXBuildFile; fileRef = 96B3578020834A04003D4522 /* CreateViewController.swift */; };
/* End PBXBuildFile section */

/* Begin PBXFileReference section */
		961D58C120839E54006A4D27 /* NPMInstallViewController.swift */ = {isa = PBXFileReference; lastKnownFileType = sourcecode.swift; path = NPMInstallViewController.swift; sourceTree = "<group>"; };
		961D58C52083A3EB006A4D27 /* Project.swift */ = {isa = PBXFileReference; lastKnownFileType = sourcecode.swift; path = Project.swift; sourceTree = "<group>"; };
		961D58C72083AF0B006A4D27 /* NPMUninstallViewController.swift */ = {isa = PBXFileReference; lastKnownFileType = sourcecode.swift; path = NPMUninstallViewController.swift; sourceTree = "<group>"; };
		962A337520713639009D7D46 /* React Native GUI.app */ = {isa = PBXFileReference; explicitFileType = wrapper.application; includeInIndex = 0; path = "React Native GUI.app"; sourceTree = BUILT_PRODUCTS_DIR; };
		962A337820713639009D7D46 /* AppDelegate.swift */ = {isa = PBXFileReference; lastKnownFileType = sourcecode.swift; path = AppDelegate.swift; sourceTree = "<group>"; };
		962A337A20713639009D7D46 /* RunViewController.swift */ = {isa = PBXFileReference; lastKnownFileType = sourcecode.swift; path = RunViewController.swift; sourceTree = "<group>"; };
		962A337C20713639009D7D46 /* Assets.xcassets */ = {isa = PBXFileReference; lastKnownFileType = folder.assetcatalog; path = Assets.xcassets; sourceTree = "<group>"; };
		962A338120713639009D7D46 /* Info.plist */ = {isa = PBXFileReference; lastKnownFileType = text.plist.xml; path = Info.plist; sourceTree = "<group>"; };
		962A338220713639009D7D46 /* React_Native_GUI.entitlements */ = {isa = PBXFileReference; lastKnownFileType = text.plist.entitlements; path = React_Native_GUI.entitlements; sourceTree = "<group>"; };
		962A338B20713660009D7D46 /* DropView.swift */ = {isa = PBXFileReference; fileEncoding = 4; lastKnownFileType = sourcecode.swift; path = DropView.swift; sourceTree = "<group>"; };
		962A33902071368F009D7D46 /* Base */ = {isa = PBXFileReference; lastKnownFileType = file.storyboard; name = Base; path = Base.lproj/Main.storyboard; sourceTree = "<group>"; };
		965628B6207896B0004049BE /* AppExtensions.swift */ = {isa = PBXFileReference; lastKnownFileType = sourcecode.swift; path = AppExtensions.swift; sourceTree = "<group>"; };
		96B3578020834A04003D4522 /* CreateViewController.swift */ = {isa = PBXFileReference; lastKnownFileType = sourcecode.swift; path = CreateViewController.swift; sourceTree = "<group>"; };
/* End PBXFileReference section */

/* Begin PBXFrameworksBuildPhase section */
		962A337220713639009D7D46 /* Frameworks */ = {
			isa = PBXFrameworksBuildPhase;
			buildActionMask = 2147483647;
			files = (
			);
			runOnlyForDeploymentPostprocessing = 0;
		};
/* End PBXFrameworksBuildPhase section */

/* Begin PBXGroup section */
		962A336C20713638009D7D46 = {
			isa = PBXGroup;
			children = (
				962A337720713639009D7D46 /* React Native GUI */,
				962A337620713639009D7D46 /* Products */,
			);
			sourceTree = "<group>";
		};
		962A337620713639009D7D46 /* Products */ = {
			isa = PBXGroup;
			children = (
				962A337520713639009D7D46 /* React Native GUI.app */,
			);
			name = Products;
			sourceTree = "<group>";
		};
		962A337720713639009D7D46 /* React Native GUI */ = {
			isa = PBXGroup;
			children = (
				96BDAD9E207923AA0074CD1D /* Extra */,
				96BDAD9D2079239B0074CD1D /* Controller */,
				96BDAD9C207923960074CD1D /* Modal */,
				962A338A2071365A009D7D46 /* View */,
				962A337820713639009D7D46 /* AppDelegate.swift */,
				962A338F2071368F009D7D46 /* Main.storyboard */,
				962A337C20713639009D7D46 /* Assets.xcassets */,
				962A338120713639009D7D46 /* Info.plist */,
				962A338220713639009D7D46 /* React_Native_GUI.entitlements */,
			);
			path = "React Native GUI";
			sourceTree = "<group>";
		};
		962A338A2071365A009D7D46 /* View */ = {
			isa = PBXGroup;
			children = (
				962A338B20713660009D7D46 /* DropView.swift */,
			);
			path = View;
			sourceTree = "<group>";
		};
		96BDAD9C207923960074CD1D /* Modal */ = {
			isa = PBXGroup;
			children = (
				961D58C52083A3EB006A4D27 /* Project.swift */,
			);
			path = Modal;
			sourceTree = "<group>";
		};
		96BDAD9D2079239B0074CD1D /* Controller */ = {
			isa = PBXGroup;
			children = (
				962A337A20713639009D7D46 /* RunViewController.swift */,
				96B3578020834A04003D4522 /* CreateViewController.swift */,
				961D58C120839E54006A4D27 /* NPMInstallViewController.swift */,
				961D58C72083AF0B006A4D27 /* NPMUninstallViewController.swift */,
			);
			path = Controller;
			sourceTree = "<group>";
		};
		96BDAD9E207923AA0074CD1D /* Extra */ = {
			isa = PBXGroup;
			children = (
				965628B6207896B0004049BE /* AppExtensions.swift */,
			);
			path = Extra;
			sourceTree = "<group>";
		};
/* End PBXGroup section */

/* Begin PBXNativeTarget section */
		962A337420713639009D7D46 /* React Native GUI */ = {
			isa = PBXNativeTarget;
			buildConfigurationList = 962A338520713639009D7D46 /* Build configuration list for PBXNativeTarget "React Native GUI" */;
			buildPhases = (
				962A337120713639009D7D46 /* Sources */,
				962A337220713639009D7D46 /* Frameworks */,
				962A337320713639009D7D46 /* Resources */,
			);
			buildRules = (
			);
			dependencies = (
			);
			name = "React Native GUI";
			productName = "React Native GUI";
			productReference = 962A337520713639009D7D46 /* React Native GUI.app */;
			productType = "com.apple.product-type.application";
		};
/* End PBXNativeTarget section */

/* Begin PBXProject section */
		962A336D20713638009D7D46 /* Project object */ = {
			isa = PBXProject;
			attributes = {
				LastSwiftUpdateCheck = 0920;
				LastUpgradeCheck = 0920;
				ORGANIZATIONNAME = Tejas;
				TargetAttributes = {
					962A337420713639009D7D46 = {
						CreatedOnToolsVersion = 9.2;
						ProvisioningStyle = Automatic;
					};
				};
			};
			buildConfigurationList = 962A337020713638009D7D46 /* Build configuration list for PBXProject "React Native GUI" */;
			compatibilityVersion = "Xcode 8.0";
			developmentRegion = en;
			hasScannedForEncodings = 0;
			knownRegions = (
				en,
				Base,
			);
			mainGroup = 962A336C20713638009D7D46;
			productRefGroup = 962A337620713639009D7D46 /* Products */;
			projectDirPath = "";
			projectRoot = "";
			targets = (
				962A337420713639009D7D46 /* React Native GUI */,
			);
		};
/* End PBXProject section */

/* Begin PBXResourcesBuildPhase section */
		962A337320713639009D7D46 /* Resources */ = {
			isa = PBXResourcesBuildPhase;
			buildActionMask = 2147483647;
			files = (
				962A337D20713639009D7D46 /* Assets.xcassets in Resources */,
				962A339120713690009D7D46 /* Main.storyboard in Resources */,
			);
			runOnlyForDeploymentPostprocessing = 0;
		};
/* End PBXResourcesBuildPhase section */

/* Begin PBXSourcesBuildPhase section */
		962A337120713639009D7D46 /* Sources */ = {
			isa = PBXSourcesBuildPhase;
			buildActionMask = 2147483647;
			files = (
				961D58C320839E54006A4D27 /* NPMInstallViewController.swift in Sources */,
				96B3578120834A04003D4522 /* CreateViewController.swift in Sources */,
				962A337B20713639009D7D46 /* RunViewController.swift in Sources */,
				962A337920713639009D7D46 /* AppDelegate.swift in Sources */,
				962A338C20713660009D7D46 /* DropView.swift in Sources */,
				961D58C62083A3EB006A4D27 /* Project.swift in Sources */,
				961D58C82083AF0B006A4D27 /* NPMUninstallViewController.swift in Sources */,
				965628B7207896B0004049BE /* AppExtensions.swift in Sources */,
			);
			runOnlyForDeploymentPostprocessing = 0;
		};
/* End PBXSourcesBuildPhase section */

/* Begin PBXVariantGroup section */
		962A338F2071368F009D7D46 /* Main.storyboard */ = {
			isa = PBXVariantGroup;
			children = (
				962A33902071368F009D7D46 /* Base */,
			);
			name = Main.storyboard;
			sourceTree = "<group>";
		};
/* End PBXVariantGroup section */

/* Begin XCBuildConfiguration section */
		962A338320713639009D7D46 /* Debug */ = {
			isa = XCBuildConfiguration;
			buildSettings = {
				ALWAYS_SEARCH_USER_PATHS = NO;
				CLANG_ANALYZER_NONNULL = YES;
				CLANG_ANALYZER_NUMBER_OBJECT_CONVERSION = YES_AGGRESSIVE;
				CLANG_CXX_LANGUAGE_STANDARD = "gnu++14";
				CLANG_CXX_LIBRARY = "libc++";
				CLANG_ENABLE_MODULES = YES;
				CLANG_ENABLE_OBJC_ARC = YES;
				CLANG_WARN_BLOCK_CAPTURE_AUTORELEASING = YES;
				CLANG_WARN_BOOL_CONVERSION = YES;
				CLANG_WARN_COMMA = YES;
				CLANG_WARN_CONSTANT_CONVERSION = YES;
				CLANG_WARN_DIRECT_OBJC_ISA_USAGE = YES_ERROR;
				CLANG_WARN_DOCUMENTATION_COMMENTS = YES;
				CLANG_WARN_EMPTY_BODY = YES;
				CLANG_WARN_ENUM_CONVERSION = YES;
				CLANG_WARN_INFINITE_RECURSION = YES;
				CLANG_WARN_INT_CONVERSION = YES;
				CLANG_WARN_NON_LITERAL_NULL_CONVERSION = YES;
				CLANG_WARN_OBJC_LITERAL_CONVERSION = YES;
				CLANG_WARN_OBJC_ROOT_CLASS = YES_ERROR;
				CLANG_WARN_RANGE_LOOP_ANALYSIS = YES;
				CLANG_WARN_STRICT_PROTOTYPES = YES;
				CLANG_WARN_SUSPICIOUS_MOVE = YES;
				CLANG_WARN_UNGUARDED_AVAILABILITY = YES_AGGRESSIVE;
				CLANG_WARN_UNREACHABLE_CODE = YES;
				CLANG_WARN__DUPLICATE_METHOD_MATCH = YES;
				CODE_SIGN_IDENTITY = "-";
				COPY_PHASE_STRIP = NO;
				DEBUG_INFORMATION_FORMAT = dwarf;
				ENABLE_STRICT_OBJC_MSGSEND = YES;
				ENABLE_TESTABILITY = YES;
				GCC_C_LANGUAGE_STANDARD = gnu11;
				GCC_DYNAMIC_NO_PIC = NO;
				GCC_NO_COMMON_BLOCKS = YES;
				GCC_OPTIMIZATION_LEVEL = 0;
				GCC_PREPROCESSOR_DEFINITIONS = (
					"DEBUG=1",
					"$(inherited)",
				);
				GCC_WARN_64_TO_32_BIT_CONVERSION = YES;
				GCC_WARN_ABOUT_RETURN_TYPE = YES_ERROR;
				GCC_WARN_UNDECLARED_SELECTOR = YES;
				GCC_WARN_UNINITIALIZED_AUTOS = YES_AGGRESSIVE;
				GCC_WARN_UNUSED_FUNCTION = YES;
				GCC_WARN_UNUSED_VARIABLE = YES;
				MACOSX_DEPLOYMENT_TARGET = 10.13;
				MTL_ENABLE_DEBUG_INFO = YES;
				ONLY_ACTIVE_ARCH = YES;
				SDKROOT = macosx;
				SWIFT_ACTIVE_COMPILATION_CONDITIONS = DEBUG;
				SWIFT_OPTIMIZATION_LEVEL = "-Onone";
			};
			name = Debug;
		};
		962A338420713639009D7D46 /* Release */ = {
			isa = XCBuildConfiguration;
			buildSettings = {
				ALWAYS_SEARCH_USER_PATHS = NO;
				CLANG_ANALYZER_NONNULL = YES;
				CLANG_ANALYZER_NUMBER_OBJECT_CONVERSION = YES_AGGRESSIVE;
				CLANG_CXX_LANGUAGE_STANDARD = "gnu++14";
				CLANG_CXX_LIBRARY = "libc++";
				CLANG_ENABLE_MODULES = YES;
				CLANG_ENABLE_OBJC_ARC = YES;
				CLANG_WARN_BLOCK_CAPTURE_AUTORELEASING = YES;
				CLANG_WARN_BOOL_CONVERSION = YES;
				CLANG_WARN_COMMA = YES;
				CLANG_WARN_CONSTANT_CONVERSION = YES;
				CLANG_WARN_DIRECT_OBJC_ISA_USAGE = YES_ERROR;
				CLANG_WARN_DOCUMENTATION_COMMENTS = YES;
				CLANG_WARN_EMPTY_BODY = YES;
				CLANG_WARN_ENUM_CONVERSION = YES;
				CLANG_WARN_INFINITE_RECURSION = YES;
				CLANG_WARN_INT_CONVERSION = YES;
				CLANG_WARN_NON_LITERAL_NULL_CONVERSION = YES;
				CLANG_WARN_OBJC_LITERAL_CONVERSION = YES;
				CLANG_WARN_OBJC_ROOT_CLASS = YES_ERROR;
				CLANG_WARN_RANGE_LOOP_ANALYSIS = YES;
				CLANG_WARN_STRICT_PROTOTYPES = YES;
				CLANG_WARN_SUSPICIOUS_MOVE = YES;
				CLANG_WARN_UNGUARDED_AVAILABILITY = YES_AGGRESSIVE;
				CLANG_WARN_UNREACHABLE_CODE = YES;
				CLANG_WARN__DUPLICATE_METHOD_MATCH = YES;
				CODE_SIGN_IDENTITY = "-";
				COPY_PHASE_STRIP = NO;
				DEBUG_INFORMATION_FORMAT = "dwarf-with-dsym";
				ENABLE_NS_ASSERTIONS = NO;
				ENABLE_STRICT_OBJC_MSGSEND = YES;
				GCC_C_LANGUAGE_STANDARD = gnu11;
				GCC_NO_COMMON_BLOCKS = YES;
				GCC_WARN_64_TO_32_BIT_CONVERSION = YES;
				GCC_WARN_ABOUT_RETURN_TYPE = YES_ERROR;
				GCC_WARN_UNDECLARED_SELECTOR = YES;
				GCC_WARN_UNINITIALIZED_AUTOS = YES_AGGRESSIVE;
				GCC_WARN_UNUSED_FUNCTION = YES;
				GCC_WARN_UNUSED_VARIABLE = YES;
				MACOSX_DEPLOYMENT_TARGET = 10.13;
				MTL_ENABLE_DEBUG_INFO = NO;
				SDKROOT = macosx;
				SWIFT_OPTIMIZATION_LEVEL = "-Owholemodule";
			};
			name = Release;
		};
		962A338620713639009D7D46 /* Debug */ = {
			isa = XCBuildConfiguration;
			buildSettings = {
				ASSETCATALOG_COMPILER_APPICON_NAME = AppIcon;
				CODE_SIGN_ENTITLEMENTS = "React Native GUI/React_Native_GUI.entitlements";
				CODE_SIGN_STYLE = Automatic;
				COMBINE_HIDPI_IMAGES = YES;
				INFOPLIST_FILE = "React Native GUI/Info.plist";
				LD_RUNPATH_SEARCH_PATHS = "$(inherited) @executable_path/../Frameworks";
				MACOSX_DEPLOYMENT_TARGET = 10.12;
				PRODUCT_BUNDLE_IDENTIFIER = "tejashome.React-Native-GUI";
				PRODUCT_NAME = "$(TARGET_NAME)";
				SWIFT_OPTIMIZATION_LEVEL = "-Onone";
				SWIFT_VERSION = 4.0;
			};
			name = Debug;
		};
		962A338720713639009D7D46 /* Release */ = {
			isa = XCBuildConfiguration;
			buildSettings = {
				ASSETCATALOG_COMPILER_APPICON_NAME = AppIcon;
				CODE_SIGN_ENTITLEMENTS = "React Native GUI/React_Native_GUI.entitlements";
				CODE_SIGN_STYLE = Automatic;
				COMBINE_HIDPI_IMAGES = YES;
				INFOPLIST_FILE = "React Native GUI/Info.plist";
				LD_RUNPATH_SEARCH_PATHS = "$(inherited) @executable_path/../Frameworks";
				MACOSX_DEPLOYMENT_TARGET = 10.12;
				PRODUCT_BUNDLE_IDENTIFIER = "tejashome.React-Native-GUI";
				PRODUCT_NAME = "$(TARGET_NAME)";
				SWIFT_VERSION = 4.0;
			};
			name = Release;
		};
/* End XCBuildConfiguration section */

/* Begin XCConfigurationList section */
		962A337020713638009D7D46 /* Build configuration list for PBXProject "React Native GUI" */ = {
			isa = XCConfigurationList;
			buildConfigurations = (
				962A338320713639009D7D46 /* Debug */,
				962A338420713639009D7D46 /* Release */,
			);
			defaultConfigurationIsVisible = 0;
			defaultConfigurationName = Release;
		};
		962A338520713639009D7D46 /* Build configuration list for PBXNativeTarget "React Native GUI" */ = {
			isa = XCConfigurationList;
			buildConfigurations = (
				962A338620713639009D7D46 /* Debug */,
				962A338720713639009D7D46 /* Release */,
			);
			defaultConfigurationIsVisible = 0;
			defaultConfigurationName = Release;
		};
/* End XCConfigurationList section */
	};
	rootObject = 962A336D20713638009D7D46 /* Project object */;
}
